{
  "nodes": {
    "flake-utils": {
      "locked": {
        "lastModified": 1642700792,
        "narHash": "sha256-XqHrk7hFb+zBvRg6Ghl+AZDq03ov6OshJLiSWOoX5es=",
        "owner": "numtide",
        "repo": "flake-utils",
        "rev": "846b2ae0fc4cc943637d3d1def4454213e203cba",
        "type": "github"
      },
      "original": {
        "owner": "numtide",
        "repo": "flake-utils",
        "type": "github"
      }
    },
    "nix-filter": {
      "locked": {
        "lastModified": 1642416301,
        "narHash": "sha256-oDAx4I236QoOkEjihZaAbap0Gp0ibuvEK3NJ/UhohvI=",
        "owner": "numtide",
        "repo": "nix-filter",
        "rev": "26dd9843a9dd5ae67b605bfef731e4ef9df10370",
        "type": "github"
      },
      "original": {
        "owner": "numtide",
        "repo": "nix-filter",
        "type": "github"
      }
    },
    "nixpkgs": {
      "locked": {
        "lastModified": 1642784678,
        "narHash": "sha256-BhrAdFoQuyNvWCE8vQghco2NmXOQrA+/WteLRSc0e2A=",
        "owner": "nixos",
        "repo": "nixpkgs",
        "rev": "de287abdd11c3c20af0877a729ed1d2b8f311e26",
        "type": "github"
      },
      "original": {
        "owner": "nixos",
        "ref": "release-21.11",
        "repo": "nixpkgs",
        "type": "github"
      }
    },
    "root": {
      "inputs": {
        "flake-utils": "flake-utils",
        "nix-filter": "nix-filter",
        "nixpkgs": "nixpkgs"
      }
    }
  },
  "root": "root",
  "version": 7
}
