lockfileVersion: '9.0'

settings:
  autoInstallPeers: true
  excludeLinksFromLockfile: false

importers:

  .:
    dependencies:
      '@swc/core':
        specifier: ^1.6.5
        version: 1.6.5

packages:

  '@swc/core-darwin-arm64@1.6.5':
    resolution: {integrity: sha512-RGQhMdni2v1/ANQ/2K+F+QYdzaucekYBewZcX1ogqJ8G5sbPaBdYdDN1qQ4kHLCIkPtGP6qC7c71qPEqL2RidQ==}
    engines: {node: '>=10'}
    cpu: [arm64]
    os: [darwin]

  '@swc/core-darwin-x64@1.6.5':
    resolution: {integrity: sha512-/pSN0/Jtcbbb9+ovS9rKxR3qertpFAM3OEJr/+Dh/8yy7jK5G5EFPIrfsw/7Q5987ERPIJIH6BspK2CBB2tgcg==}
    engines: {node: '>=10'}
    cpu: [x64]
    os: [darwin]

  '@swc/core-linux-arm-gnueabihf@1.6.5':
    resolution: {integrity: sha512-B0g/dROCE747RRegs/jPHuKJgwXLracDhnqQa80kFdgWEMjlcb7OMCgs5OX86yJGRS4qcYbiMGD0Pp7Kbqn3yw==}
    engines: {node: '>=10'}
    cpu: [arm]
    os: [linux]

  '@swc/core-linux-arm64-gnu@1.6.5':
    resolution: {integrity: sha512-W8meapgXTq8AOtSvDG4yKR8ant2WWD++yOjgzAleB5VAC+oC+aa8YJROGxj8HepurU8kurqzcialwoMeq5SZZQ==}
    engines: {node: '>=10'}
    cpu: [arm64]
    os: [linux]

  '@swc/core-linux-arm64-musl@1.6.5':
    resolution: {integrity: sha512-jyCKqoX50Fg8rJUQqh4u5PqnE7nqYKXHjVH2WcYr114/MU21zlsI+YL6aOQU1XP8bJQ2gPQ1rnlnGJdEHiKS/w==}
    engines: {node: '>=10'}
    cpu: [arm64]
    os: [linux]

  '@swc/core-linux-x64-gnu@1.6.5':
    resolution: {integrity: sha512-G6HmUn/RRIlXC0YYFfBz2qh6OZkHS/KUPkhoG4X9ADcgWXXjOFh6JrefwsYj8VBAJEnr5iewzjNfj+nztwHaeA==}
    engines: {node: '>=10'}
    cpu: [x64]
    os: [linux]

  '@swc/core-linux-x64-musl@1.6.5':
    resolution: {integrity: sha512-AQpBjBnelQDSbeTJA50AXdS6+CP66LsXIMNTwhPSgUfE7Bx1ggZV11Fsi4Q5SGcs6a8Qw1cuYKN57ZfZC5QOuA==}
    engines: {node: '>=10'}
    cpu: [x64]
    os: [linux]

  '@swc/core-win32-arm64-msvc@1.6.5':
    resolution: {integrity: sha512-MZTWM8kUwS30pVrtbzSGEXtek46aXNb/mT9D6rsS7NvOuv2w+qZhjR1rzf4LNbbn5f8VnR4Nac1WIOYZmfC5ng==}
    engines: {node: '>=10'}
    cpu: [arm64]
    os: [win32]

  '@swc/core-win32-ia32-msvc@1.6.5':
    resolution: {integrity: sha512-WZdu4gISAr3yOm1fVwKhhk6+MrP7kVX0KMP7+ZQFTN5zXQEiDSDunEJKVgjMVj3vlR+6mnAqa/L0V9Qa8+zKlQ==}
    engines: {node: '>=10'}
    cpu: [ia32]
    os: [win32]

  '@swc/core-win32-x64-msvc@1.6.5':
    resolution: {integrity: sha512-ezXgucnMTzlFIxQZw7ls/5r2hseFaRoDL04cuXUOs97E8r+nJSmFsRQm/ygH5jBeXNo59nyZCalrjJAjwfgACA==}
    engines: {node: '>=10'}
    cpu: [x64]
    os: [win32]

  '@swc/core@1.6.5':
    resolution: {integrity: sha512-tyVvUK/HDOUUsK6/GmWvnqUtD9oDpPUA4f7f7JCOV8hXxtfjMtAZeBKf93yrB1XZet69TDR7EN0hFC6i4MF0Ig==}
    engines: {node: '>=10'}
    peerDependencies:
      '@swc/helpers': '*'
    peerDependenciesMeta:
      '@swc/helpers':
        optional: true

  '@swc/counter@0.1.3':
    resolution: {integrity: sha512-e2BR4lsJkkRlKZ/qCHPw9ZaSxc0MVUd7gtbtaB7aMvHeJVYe8sOB8DBZkP2DtISHGSku9sCK6T6cnY0CtXrOCQ==}

  '@swc/types@0.1.9':
    resolution: {integrity: sha512-qKnCno++jzcJ4lM4NTfYifm1EFSCeIfKiAHAfkENZAV5Kl9PjJIyd2yeeVv6c/2CckuLyv2NmRC5pv6pm2WQBg==}

snapshots:

  '@swc/core-darwin-arm64@1.6.5':
    optional: true

  '@swc/core-darwin-x64@1.6.5':
    optional: true

  '@swc/core-linux-arm-gnueabihf@1.6.5':
    optional: true

  '@swc/core-linux-arm64-gnu@1.6.5':
    optional: true

  '@swc/core-linux-arm64-musl@1.6.5':
    optional: true

  '@swc/core-linux-x64-gnu@1.6.5':
    optional: true

  '@swc/core-linux-x64-musl@1.6.5':
    optional: true

  '@swc/core-win32-arm64-msvc@1.6.5':
    optional: true

  '@swc/core-win32-ia32-msvc@1.6.5':
    optional: true

  '@swc/core-win32-x64-msvc@1.6.5':
    optional: true

  '@swc/core@1.6.5':
    dependencies:
      '@swc/counter': 0.1.3
      '@swc/types': 0.1.9
    optionalDependencies:
      '@swc/core-darwin-arm64': 1.6.5
      '@swc/core-darwin-x64': 1.6.5
      '@swc/core-linux-arm-gnueabihf': 1.6.5
      '@swc/core-linux-arm64-gnu': 1.6.5
      '@swc/core-linux-arm64-musl': 1.6.5
      '@swc/core-linux-x64-gnu': 1.6.5
      '@swc/core-linux-x64-musl': 1.6.5
      '@swc/core-win32-arm64-msvc': 1.6.5
      '@swc/core-win32-ia32-msvc': 1.6.5
      '@swc/core-win32-x64-msvc': 1.6.5

  '@swc/counter@0.1.3': {}

  '@swc/types@0.1.9':
    dependencies:
      '@swc/counter': 0.1.3
