lockfileVersion: 5.4

specifiers:
  '@graphql-yoga/node': ^2.13.13
  '@nhost/stripe-graphql-js': ^0.0.6
  '@pothos/core': ^3.21.0
  '@types/express': ^4.17.13
  cross-fetch: ^3.1.5
  graphql: 15.7.2
  nodemailer: ^6.8.0
  slugify: ^1.6.5

dependencies:
  '@graphql-yoga/node': 2.13.13_graphql@15.7.2
  '@nhost/stripe-graphql-js': 0.0.6
  '@pothos/core': 3.22.9_graphql@15.7.2
  cross-fetch: 3.1.5
  graphql: 15.7.2
  nodemailer: 6.8.0
  slugify: 1.6.5

devDependencies:
  '@types/express': 4.17.14

packages:

  /@envelop/core/2.6.0_graphql@15.7.2:
    resolution: {integrity: sha512-yTptKinJN//i6m1kXUbnLBl/FobzddI4ehURAMS08eRUOQwAuXqJU9r8VdTav8nIZLb4t6cuDWFb3n331LiwLw==}
    peerDependencies:
      graphql: ^14.0.0 || ^15.0.0 || ^16.0.0
    dependencies:
      '@envelop/types': 2.4.0_graphql@15.7.2
      graphql: 15.7.2
      tslib: 2.4.0
    dev: false

  /@envelop/core/2.6.0_graphql@16.6.0:
    resolution: {integrity: sha512-yTptKinJN//i6m1kXUbnLBl/FobzddI4ehURAMS08eRUOQwAuXqJU9r8VdTav8nIZLb4t6cuDWFb3n331LiwLw==}
    peerDependencies:
      graphql: ^14.0.0 || ^15.0.0 || ^16.0.0
    dependencies:
      '@envelop/types': 2.4.0_graphql@16.6.0
      graphql: 16.6.0
      tslib: 2.4.0
    dev: false

  /@envelop/parser-cache/4.7.0_4hr55tbjlvoppd2sokdhrbpreq:
    resolution: {integrity: sha512-63NfXDcW/vGn4U6NFxaZ0JbYWAcJb9A6jhTvghsSz1ZS+Dny/ci8bVSgVmM1q+N56hPyGsVPuyI+rIc71mPU5g==}
    peerDependencies:
      '@envelop/core': ^2.6.0
      graphql: ^14.0.0 || ^15.0.0 || ^16.0.0
    dependencies:
      '@envelop/core': 2.6.0_graphql@16.6.0
      graphql: 16.6.0
      lru-cache: 6.0.0
      tslib: 2.4.1
    dev: false

  /@envelop/parser-cache/4.7.0_lik4xeitpfdwxqflh4melh77ce:
    resolution: {integrity: sha512-63NfXDcW/vGn4U6NFxaZ0JbYWAcJb9A6jhTvghsSz1ZS+Dny/ci8bVSgVmM1q+N56hPyGsVPuyI+rIc71mPU5g==}
    peerDependencies:
      '@envelop/core': ^2.6.0
      graphql: ^14.0.0 || ^15.0.0 || ^16.0.0
    dependencies:
      '@envelop/core': 2.6.0_graphql@15.7.2
      graphql: 15.7.2
      lru-cache: 6.0.0
      tslib: 2.4.1
    dev: false

  /@envelop/types/2.4.0_graphql@15.7.2:
    resolution: {integrity: sha512-pjxS98cDQBS84X29VcwzH3aJ/KiLCGwyMxuj7/5FkdiaCXAD1JEvKEj9LARWlFYj1bY43uII4+UptFebrhiIaw==}
    peerDependencies:
      graphql: ^14.0.0 || ^15.0.0 || ^16.0.0
    dependencies:
      graphql: 15.7.2
      tslib: 2.4.1
    dev: false

  /@envelop/types/2.4.0_graphql@16.6.0:
    resolution: {integrity: sha512-pjxS98cDQBS84X29VcwzH3aJ/KiLCGwyMxuj7/5FkdiaCXAD1JEvKEj9LARWlFYj1bY43uII4+UptFebrhiIaw==}
    peerDependencies:
      graphql: ^14.0.0 || ^15.0.0 || ^16.0.0
    dependencies:
      graphql: 16.6.0
      tslib: 2.4.1
    dev: false

  /@envelop/validation-cache/4.7.0_4hr55tbjlvoppd2sokdhrbpreq:
    resolution: {integrity: sha512-PzL+GfWJRT+JjsJqZAIxHKEkvkM3hxkeytS5O0QLXT8kURNBV28r+Kdnn2RCF5+6ILhyGpiDb60vaquBi7g4lw==}
    peerDependencies:
      '@envelop/core': ^2.6.0
      graphql: ^14.0.0 || ^15.0.0 || ^16.0.0
    dependencies:
      '@envelop/core': 2.6.0_graphql@16.6.0
      graphql: 16.6.0
      lru-cache: 6.0.0
      tslib: 2.4.1
    dev: false

  /@envelop/validation-cache/4.7.0_lik4xeitpfdwxqflh4melh77ce:
    resolution: {integrity: sha512-PzL+GfWJRT+JjsJqZAIxHKEkvkM3hxkeytS5O0QLXT8kURNBV28r+Kdnn2RCF5+6ILhyGpiDb60vaquBi7g4lw==}
    peerDependencies:
      '@envelop/core': ^2.6.0
      graphql: ^14.0.0 || ^15.0.0 || ^16.0.0
    dependencies:
      '@envelop/core': 2.6.0_graphql@15.7.2
      graphql: 15.7.2
      lru-cache: 6.0.0
      tslib: 2.4.1
    dev: false

  /@graphql-tools/merge/8.3.10_graphql@15.7.2:
    resolution: {integrity: sha512-/hSg69JwqEA+t01wQmMGKPuaJ9VJBSz6uAXhbNNrTBJu8bmXljw305NVXM49pCwDKFVUGtbTqYrBeLcfT3RoYw==}
    peerDependencies:
      graphql: ^14.0.0 || ^15.0.0 || ^16.0.0 || ^17.0.0
    dependencies:
      '@graphql-tools/utils': 9.0.1_graphql@15.7.2
      graphql: 15.7.2
      tslib: 2.4.1
    dev: false

  /@graphql-tools/merge/8.3.10_graphql@16.6.0:
    resolution: {integrity: sha512-/hSg69JwqEA+t01wQmMGKPuaJ9VJBSz6uAXhbNNrTBJu8bmXljw305NVXM49pCwDKFVUGtbTqYrBeLcfT3RoYw==}
    peerDependencies:
      graphql: ^14.0.0 || ^15.0.0 || ^16.0.0 || ^17.0.0
    dependencies:
      '@graphql-tools/utils': 9.0.1_graphql@16.6.0
      graphql: 16.6.0
      tslib: 2.4.1
    dev: false

  /@graphql-tools/schema/9.0.8_graphql@15.7.2:
    resolution: {integrity: sha512-PnES7sNkhQ/FdPQhP7cup0OIzwzQh+nfjklilU7YJzE209ACIyEQtxoNCfvPW5eV6hc9bWsBQeI3Jm4mMtwxNA==}
    peerDependencies:
      graphql: ^14.0.0 || ^15.0.0 || ^16.0.0 || ^17.0.0
    dependencies:
      '@graphql-tools/merge': 8.3.10_graphql@15.7.2
      '@graphql-tools/utils': 9.0.1_graphql@15.7.2
      graphql: 15.7.2
      tslib: 2.4.1
      value-or-promise: 1.0.11
    dev: false

  /@graphql-tools/schema/9.0.8_graphql@16.6.0:
    resolution: {integrity: sha512-PnES7sNkhQ/FdPQhP7cup0OIzwzQh+nfjklilU7YJzE209ACIyEQtxoNCfvPW5eV6hc9bWsBQeI3Jm4mMtwxNA==}
    peerDependencies:
      graphql: ^14.0.0 || ^15.0.0 || ^16.0.0 || ^17.0.0
    dependencies:
      '@graphql-tools/merge': 8.3.10_graphql@16.6.0
      '@graphql-tools/utils': 9.0.1_graphql@16.6.0
      graphql: 16.6.0
      tslib: 2.4.1
      value-or-promise: 1.0.11
    dev: false

  /@graphql-tools/utils/8.13.1_graphql@15.7.2:
    resolution: {integrity: sha512-qIh9yYpdUFmctVqovwMdheVNJqFh+DQNWIhX87FJStfXYnmweBUDATok9fWPleKeFwxnW8IapKmY8m8toJEkAw==}
    peerDependencies:
      graphql: ^14.0.0 || ^15.0.0 || ^16.0.0 || ^17.0.0
    dependencies:
      graphql: 15.7.2
      tslib: 2.4.1
    dev: false

  /@graphql-tools/utils/8.13.1_graphql@16.6.0:
    resolution: {integrity: sha512-qIh9yYpdUFmctVqovwMdheVNJqFh+DQNWIhX87FJStfXYnmweBUDATok9fWPleKeFwxnW8IapKmY8m8toJEkAw==}
    peerDependencies:
      graphql: ^14.0.0 || ^15.0.0 || ^16.0.0 || ^17.0.0
    dependencies:
      graphql: 16.6.0
      tslib: 2.4.1
    dev: false

  /@graphql-tools/utils/9.0.1_graphql@15.7.2:
    resolution: {integrity: sha512-z6FimVa5E44bHKmqK0/uMp9hHvHo2Tkt9A5rlLb40ReD/8IFKehSXLzM4b2N1vcP7mSsbXIdDK9Aoc8jT/he1Q==}
    peerDependencies:
      graphql: ^14.0.0 || ^15.0.0 || ^16.0.0 || ^17.0.0
    dependencies:
      graphql: 15.7.2
      tslib: 2.4.1
    dev: false

  /@graphql-tools/utils/9.0.1_graphql@16.6.0:
    resolution: {integrity: sha512-z6FimVa5E44bHKmqK0/uMp9hHvHo2Tkt9A5rlLb40ReD/8IFKehSXLzM4b2N1vcP7mSsbXIdDK9Aoc8jT/he1Q==}
    peerDependencies:
      graphql: ^14.0.0 || ^15.0.0 || ^16.0.0 || ^17.0.0
    dependencies:
      graphql: 16.6.0
      tslib: 2.4.1
    dev: false

  /@graphql-typed-document-node/core/3.1.1_graphql@15.7.2:
    resolution: {integrity: sha512-NQ17ii0rK1b34VZonlmT2QMJFI70m0TRwbknO/ihlbatXyaktDhN/98vBiUU6kNBPljqGqyIrl2T4nY2RpFANg==}
    peerDependencies:
      graphql: ^0.8.0 || ^0.9.0 || ^0.10.0 || ^0.11.0 || ^0.12.0 || ^0.13.0 || ^14.0.0 || ^15.0.0 || ^16.0.0
    dependencies:
      graphql: 15.7.2
    dev: false

  /@graphql-typed-document-node/core/3.1.1_graphql@16.6.0:
    resolution: {integrity: sha512-NQ17ii0rK1b34VZonlmT2QMJFI70m0TRwbknO/ihlbatXyaktDhN/98vBiUU6kNBPljqGqyIrl2T4nY2RpFANg==}
    peerDependencies:
      graphql: ^0.8.0 || ^0.9.0 || ^0.10.0 || ^0.11.0 || ^0.12.0 || ^0.13.0 || ^14.0.0 || ^15.0.0 || ^16.0.0
    dependencies:
      graphql: 16.6.0
    dev: false

  /@graphql-yoga/common/2.12.12_graphql@15.7.2:
    resolution: {integrity: sha512-La2ygIw2qlIJZrRGT4nW70Nam7gQ2xZkOn0FDCnKWSJhQ4nHw4aFAkeHIJdZGK0u2TqtXRrNSAj5cb/TZoqUiQ==}
    peerDependencies:
      graphql: ^15.2.0 || ^16.0.0
    dependencies:
      '@envelop/core': 2.6.0_graphql@15.7.2
      '@envelop/parser-cache': 4.7.0_lik4xeitpfdwxqflh4melh77ce
      '@envelop/validation-cache': 4.7.0_lik4xeitpfdwxqflh4melh77ce
      '@graphql-tools/schema': 9.0.8_graphql@15.7.2
      '@graphql-tools/utils': 8.13.1_graphql@15.7.2
      '@graphql-typed-document-node/core': 3.1.1_graphql@15.7.2
      '@graphql-yoga/subscription': 2.2.3
      '@whatwg-node/fetch': 0.3.2
      dset: 3.1.2
      graphql: 15.7.2
      tslib: 2.4.1
    transitivePeerDependencies:
      - encoding
    dev: false

  /@graphql-yoga/common/2.12.12_graphql@16.6.0:
    resolution: {integrity: sha512-La2ygIw2qlIJZrRGT4nW70Nam7gQ2xZkOn0FDCnKWSJhQ4nHw4aFAkeHIJdZGK0u2TqtXRrNSAj5cb/TZoqUiQ==}
    peerDependencies:
      graphql: ^15.2.0 || ^16.0.0
    dependencies:
      '@envelop/core': 2.6.0_graphql@16.6.0
      '@envelop/parser-cache': 4.7.0_4hr55tbjlvoppd2sokdhrbpreq
      '@envelop/validation-cache': 4.7.0_4hr55tbjlvoppd2sokdhrbpreq
      '@graphql-tools/schema': 9.0.8_graphql@16.6.0
      '@graphql-tools/utils': 8.13.1_graphql@16.6.0
      '@graphql-typed-document-node/core': 3.1.1_graphql@16.6.0
      '@graphql-yoga/subscription': 2.2.3
      '@whatwg-node/fetch': 0.3.2
      dset: 3.1.2
      graphql: 16.6.0
      tslib: 2.4.1
    transitivePeerDependencies:
      - encoding
    dev: false

  /@graphql-yoga/node/2.13.13_graphql@15.7.2:
    resolution: {integrity: sha512-3NmdEq3BkuVLRbo5yUi401sBiwowSKgY8O1DN1RwYdHRr0nu2dXzlYEETf4XLymyP6mKsVfQgsy7HQjwsc1oNw==}
    peerDependencies:
      graphql: ^15.2.0 || ^16.0.0
    dependencies:
      '@envelop/core': 2.6.0_graphql@15.7.2
      '@graphql-tools/utils': 8.13.1_graphql@15.7.2
      '@graphql-yoga/common': 2.12.12_graphql@15.7.2
      '@graphql-yoga/subscription': 2.2.3
      '@whatwg-node/fetch': 0.3.2
      graphql: 15.7.2
      tslib: 2.4.1
    transitivePeerDependencies:
      - encoding
    dev: false

  /@graphql-yoga/node/2.13.13_graphql@16.6.0:
    resolution: {integrity: sha512-3NmdEq3BkuVLRbo5yUi401sBiwowSKgY8O1DN1RwYdHRr0nu2dXzlYEETf4XLymyP6mKsVfQgsy7HQjwsc1oNw==}
    peerDependencies:
      graphql: ^15.2.0 || ^16.0.0
    dependencies:
      '@envelop/core': 2.6.0_graphql@16.6.0
      '@graphql-tools/utils': 8.13.1_graphql@16.6.0
      '@graphql-yoga/common': 2.12.12_graphql@16.6.0
      '@graphql-yoga/subscription': 2.2.3
      '@whatwg-node/fetch': 0.3.2
      graphql: 16.6.0
      tslib: 2.4.1
    transitivePeerDependencies:
      - encoding
    dev: false

  /@graphql-yoga/subscription/2.2.3:
    resolution: {integrity: sha512-It/Dfh+nW2ClTtmOylAa+o7fbKIRYRTH6jfKLj3YB75tkv/rFZ70bjlChDCrEMa46I+zDMg7+cdkrQOXov2fDg==}
    dependencies:
      '@graphql-yoga/typed-event-target': 0.1.1
      '@repeaterjs/repeater': 3.0.4
      tslib: 2.4.1
    dev: false

  /@graphql-yoga/typed-event-target/0.1.1:
    resolution: {integrity: sha512-l23kLKHKhfD7jmv4OUlzxMTihSqgIjGWCSb0KdlLkeiaF2jjuo8pRhX200hFTrtjRHGSYS1fx2lltK/xWci+vw==}
    dependencies:
      '@repeaterjs/repeater': 3.0.4
      tslib: 2.4.1
    dev: false

  /@nhost/stripe-graphql-js/0.0.6:
    resolution: {integrity: sha512-FQ0q1bB5e7P2TUeVSIyobhX3RVtYL8C1khsvFtUvBSzF7FcW1WJZdC6pKZRLCamNWxYzl7ClLXBbQOcHQ8dsFg==}
    dependencies:
      '@graphql-yoga/node': 2.13.13_graphql@16.6.0
      '@pothos/core': 3.22.9_graphql@16.6.0
      graphql: 16.6.0
      graphql-scalars: 1.20.0_graphql@16.6.0
      jsonwebtoken: 8.5.1
      stripe: 10.16.0
    transitivePeerDependencies:
      - encoding
    dev: false

  /@peculiar/asn1-schema/2.3.0:
    resolution: {integrity: sha512-DtNLAG4vmDrdSJFPe7rypkcj597chNQL7u+2dBtYo5mh7VW2+im6ke+O0NVr8W1f4re4C3F71LhoMb0Yxqa48Q==}
    dependencies:
      asn1js: 3.0.5
      pvtsutils: 1.3.2
      tslib: 2.4.1
    dev: false

  /@peculiar/json-schema/1.1.12:
    resolution: {integrity: sha512-coUfuoMeIB7B8/NMekxaDzLhaYmp0HZNPEjYRm9goRou8UZIC3z21s0sL9AWoCw4EG876QyO3kYrc61WNF9B/w==}
    engines: {node: '>=8.0.0'}
    dependencies:
      tslib: 2.4.1
    dev: false

  /@peculiar/webcrypto/1.4.1:
    resolution: {integrity: sha512-eK4C6WTNYxoI7JOabMoZICiyqRRtJB220bh0Mbj5RwRycleZf9BPyZoxsTvpP0FpmVS2aS13NKOuh5/tN3sIRw==}
    engines: {node: '>=10.12.0'}
    dependencies:
      '@peculiar/asn1-schema': 2.3.0
      '@peculiar/json-schema': 1.1.12
      pvtsutils: 1.3.2
      tslib: 2.4.1
      webcrypto-core: 1.7.5
    dev: false

  /@pothos/core/3.22.9_graphql@15.7.2:
    resolution: {integrity: sha512-yIgmJBL1L2JRrZTZ3d+9JzCzfpMXZV8aHy5oK5KhonO7dFruBtzbJlsgx4T4zQieKigBh8MSo9fbjCq1Z9Oklg==}
    peerDependencies:
      graphql: '>=15.1.0'
    dependencies:
      graphql: 15.7.2
    dev: false

  /@pothos/core/3.22.9_graphql@16.6.0:
    resolution: {integrity: sha512-yIgmJBL1L2JRrZTZ3d+9JzCzfpMXZV8aHy5oK5KhonO7dFruBtzbJlsgx4T4zQieKigBh8MSo9fbjCq1Z9Oklg==}
    peerDependencies:
      graphql: '>=15.1.0'
    dependencies:
      graphql: 16.6.0
    dev: false

  /@repeaterjs/repeater/3.0.4:
    resolution: {integrity: sha512-AW8PKd6iX3vAZ0vA43nOUOnbq/X5ihgU+mSXXqunMkeQADGiqw/PY0JNeYtD5sr0PAy51YPgAPbDoeapv9r8WA==}
    dev: false

  /@types/body-parser/1.19.2:
    resolution: {integrity: sha512-ALYone6pm6QmwZoAgeyNksccT9Q4AWZQ6PvfwR37GT6r6FWUPguq6sUmNGSMV2Wr761oQoBxwGGa6DR5o1DC9g==}
    dependencies:
      '@types/connect': 3.4.35
      '@types/node': 18.11.9
    dev: true

  /@types/connect/3.4.35:
    resolution: {integrity: sha512-cdeYyv4KWoEgpBISTxWvqYsVy444DOqehiF3fM3ne10AmJ62RSyNkUnxMJXHQWRQQX2eR94m5y1IZyDwBjV9FQ==}
    dependencies:
      '@types/node': 18.11.9
    dev: true

  /@types/express-serve-static-core/4.17.31:
    resolution: {integrity: sha512-DxMhY+NAsTwMMFHBTtJFNp5qiHKJ7TeqOo23zVEM9alT1Ml27Q3xcTH0xwxn7Q0BbMcVEJOs/7aQtUWupUQN3Q==}
    dependencies:
      '@types/node': 18.11.9
      '@types/qs': 6.9.7
      '@types/range-parser': 1.2.4
    dev: true

  /@types/express/4.17.14:
    resolution: {integrity: sha512-TEbt+vaPFQ+xpxFLFssxUDXj5cWCxZJjIcB7Yg0k0GMHGtgtQgpvx/MUQUeAkNbA9AAGrwkAsoeItdTgS7FMyg==}
    dependencies:
      '@types/body-parser': 1.19.2
      '@types/express-serve-static-core': 4.17.31
      '@types/qs': 6.9.7
      '@types/serve-static': 1.15.0
    dev: true

  /@types/mime/3.0.1:
    resolution: {integrity: sha512-Y4XFY5VJAuw0FgAqPNd6NNoV44jbq9Bz2L7Rh/J6jLTiHBSBJa9fxqQIvkIld4GsoDOcCbvzOUAbLPsSKKg+uA==}
    dev: true

  /@types/node/18.11.9:
    resolution: {integrity: sha512-CRpX21/kGdzjOpFsZSkcrXMGIBWMGNIHXXBVFSH+ggkftxg+XYP20TESbh+zFvFj3EQOl5byk0HTRn1IL6hbqg==}

  /@types/qs/6.9.7:
    resolution: {integrity: sha512-FGa1F62FT09qcrueBA6qYTrJPVDzah9a+493+o2PCXsesWHIn27G98TsSMs3WPNbZIEj4+VJf6saSFpvD+3Zsw==}
    dev: true

  /@types/range-parser/1.2.4:
    resolution: {integrity: sha512-EEhsLsD6UsDM1yFhAvy0Cjr6VwmpMWqFBCb9w07wVugF7w9nfajxLuVmngTIpgS6svCnm6Vaw+MZhoDCKnOfsw==}
    dev: true

  /@types/serve-static/1.15.0:
    resolution: {integrity: sha512-z5xyF6uh8CbjAu9760KDKsH2FcDxZ2tFCsA4HIMWE6IkiYMXfVoa+4f9KX+FN0ZLsaMw1WNG2ETLA6N+/YA+cg==}
    dependencies:
      '@types/mime': 3.0.1
      '@types/node': 18.11.9
    dev: true

  /@whatwg-node/fetch/0.3.2:
    resolution: {integrity: sha512-Bs5zAWQs0tXsLa4mRmLw7Psps1EN78vPtgcLpw3qPY8s6UYPUM67zFZ9cy+7tZ64PXhfwzxJn+m7RH2Lq48RNQ==}
    dependencies:
      '@peculiar/webcrypto': 1.4.1
      abort-controller: 3.0.0
      busboy: 1.6.0
      event-target-polyfill: 0.0.3
      form-data-encoder: 1.7.2
      formdata-node: 4.4.1
      node-fetch: 2.6.7
      undici: 5.12.0
      web-streams-polyfill: 3.2.1
    transitivePeerDependencies:
      - encoding
    dev: false

  /abort-controller/3.0.0:
    resolution: {integrity: sha512-h8lQ8tacZYnR3vNQTgibj+tODHI5/+l06Au2Pcriv/Gmet0eaj4TwWH41sO9wnHDiQsEj19q0drzdWdeAHtweg==}
    engines: {node: '>=6.5'}
    dependencies:
      event-target-shim: 5.0.1
    dev: false

  /asn1js/3.0.5:
    resolution: {integrity: sha512-FVnvrKJwpt9LP2lAMl8qZswRNm3T4q9CON+bxldk2iwk3FFpuwhx2FfinyitizWHsVYyaY+y5JzDR0rCMV5yTQ==}
    engines: {node: '>=12.0.0'}
    dependencies:
      pvtsutils: 1.3.2
      pvutils: 1.1.3
      tslib: 2.4.1
    dev: false

  /buffer-equal-constant-time/1.0.1:
    resolution: {integrity: sha512-zRpUiDwd/xk6ADqPMATG8vc9VPrkck7T07OIx0gnjmJAnHnTVXNQG3vfvWNuiZIkwu9KrKdA1iJKfsfTVxE6NA==}
    dev: false

  /busboy/1.6.0:
    resolution: {integrity: sha512-8SFQbg/0hQ9xy3UNTB0YEnsNBbWfhf7RtnzpL7TkBiTBRfrQ9Fxcnz7VJsleJpyp6rVLvXiuORqjlHi5q+PYuA==}
    engines: {node: '>=10.16.0'}
    dependencies:
      streamsearch: 1.1.0
    dev: false

  /call-bind/1.0.2:
    resolution: {integrity: sha512-7O+FbCihrB5WGbFYesctwmTKae6rOiIzmz1icreWJ+0aA7LJfuqhEso2T9ncpcFtzMQtzXf2QGGueWJGTYsqrA==}
    dependencies:
      function-bind: 1.1.1
      get-intrinsic: 1.1.3
    dev: false

  /cross-fetch/3.1.5:
    resolution: {integrity: sha512-lvb1SBsI0Z7GDwmuid+mU3kWVBwTVUbe7S0H52yaaAdQOXq2YktTCZdlAcNKFzE6QtRz0snpw9bNiPeOIkkQvw==}
    dependencies:
      node-fetch: 2.6.7
    transitivePeerDependencies:
      - encoding
    dev: false

  /dset/3.1.2:
    resolution: {integrity: sha512-g/M9sqy3oHe477Ar4voQxWtaPIFw1jTdKZuomOjhCcBx9nHUNn0pu6NopuFFrTh/TRZIKEj+76vLWFu9BNKk+Q==}
    engines: {node: '>=4'}
    dev: false

  /ecdsa-sig-formatter/1.0.11:
    resolution: {integrity: sha512-nagl3RYrbNv6kQkeJIpt6NJZy8twLB/2vtz6yN9Z4vRKHN4/QZJIEbqohALSgwKdnksuY3k5Addp5lg8sVoVcQ==}
    dependencies:
      safe-buffer: 5.2.1
    dev: false

  /event-target-polyfill/0.0.3:
    resolution: {integrity: sha512-ZMc6UuvmbinrCk4RzGyVmRyIsAyxMRlp4CqSrcQRO8Dy0A9ldbiRy5kdtBj4OtP7EClGdqGfIqo9JmOClMsGLQ==}
    dev: false

  /event-target-shim/5.0.1:
    resolution: {integrity: sha512-i/2XbnSz/uxRCU6+NdVJgKWDTM427+MqYbkQzD321DuCQJUqOuJKIA0IM2+W2xtYHdKOmZ4dR6fExsd4SXL+WQ==}
    engines: {node: '>=6'}
    dev: false

  /form-data-encoder/1.7.2:
    resolution: {integrity: sha512-qfqtYan3rxrnCk1VYaA4H+Ms9xdpPqvLZa6xmMgFvhO32x7/3J/ExcTd6qpxM0vH2GdMI+poehyBZvqfMTto8A==}
    dev: false

  /formdata-node/4.4.1:
    resolution: {integrity: sha512-0iirZp3uVDjVGt9p49aTaqjk84TrglENEDuqfdlZQ1roC9CWlPk6Avf8EEnZNcAqPonwkG35x4n3ww/1THYAeQ==}
    engines: {node: '>= 12.20'}
    dependencies:
      node-domexception: 1.0.0
      web-streams-polyfill: 4.0.0-beta.3
    dev: false

  /function-bind/1.1.1:
    resolution: {integrity: sha512-yIovAzMX49sF8Yl58fSCWJ5svSLuaibPxXQJFLmBObTuCr0Mf1KiPopGM9NiFjiYBCbfaa2Fh6breQ6ANVTI0A==}
    dev: false

  /get-intrinsic/1.1.3:
    resolution: {integrity: sha512-QJVz1Tj7MS099PevUG5jvnt9tSkXN8K14dxQlikJuPt4uD9hHAHjLyLBiLR5zELelBdD9QNRAXZzsJx0WaDL9A==}
    dependencies:
      function-bind: 1.1.1
      has: 1.0.3
      has-symbols: 1.0.3
    dev: false

  /graphql-scalars/1.20.0_graphql@16.6.0:
    resolution: {integrity: sha512-1KV9Uyr64bbBlmtNzn/vp5mp1+Cob8jG7AKF7RLsKq50ocV6yNhW3+pVvh5jJs1np5Wh+Wg9bDapwQ7q2saS6A==}
    engines: {node: '>=10'}
    peerDependencies:
      graphql: ^0.8.0 || ^0.9.0 || ^0.10.0 || ^0.11.0 || ^0.12.0 || ^0.13.0 || ^14.0.0 || ^15.0.0 || ^16.0.0
    dependencies:
      graphql: 16.6.0
      tslib: 2.4.1
    dev: false

  /graphql/15.7.2:
    resolution: {integrity: sha512-AnnKk7hFQFmU/2I9YSQf3xw44ctnSFCfp3zE0N6W174gqe9fWG/2rKaKxROK7CcI3XtERpjEKFqts8o319Kf7A==}
    engines: {node: '>= 10.x'}
    dev: false

  /graphql/16.6.0:
    resolution: {integrity: sha512-KPIBPDlW7NxrbT/eh4qPXz5FiFdL5UbaA0XUNz2Rp3Z3hqBSkbj0GVjwFDztsWVauZUWsbKHgMg++sk8UX0bkw==}
    engines: {node: ^12.22.0 || ^14.16.0 || ^16.0.0 || >=17.0.0}
    dev: false

  /has-symbols/1.0.3:
    resolution: {integrity: sha512-l3LCuF6MgDNwTDKkdYGEihYjt5pRPbEg46rtlmnSPlUbgmB8LOIrKJbYYFBSbnPaJexMKtiPO8hmeRjRz2Td+A==}
    engines: {node: '>= 0.4'}
    dev: false

  /has/1.0.3:
    resolution: {integrity: sha512-f2dvO0VU6Oej7RkWJGrehjbzMAjFp5/VKPp5tTpWIV4JHHZK1/BxbFRtf/siA2SWTe09caDmVtYYzWEIbBS4zw==}
    engines: {node: '>= 0.4.0'}
    dependencies:
      function-bind: 1.1.1
    dev: false

  /jsonwebtoken/8.5.1:
    resolution: {integrity: sha512-XjwVfRS6jTMsqYs0EsuJ4LGxXV14zQybNd4L2r0UvbVnSF9Af8x7p5MzbJ90Ioz/9TI41/hTCvznF/loiSzn8w==}
    engines: {node: '>=4', npm: '>=1.4.28'}
    dependencies:
      jws: 3.2.2
      lodash.includes: 4.3.0
      lodash.isboolean: 3.0.3
      lodash.isinteger: 4.0.4
      lodash.isnumber: 3.0.3
      lodash.isplainobject: 4.0.6
      lodash.isstring: 4.0.1
      lodash.once: 4.1.1
      ms: 2.1.3
      semver: 5.7.1
    dev: false

  /jwa/1.4.1:
    resolution: {integrity: sha512-qiLX/xhEEFKUAJ6FiBMbes3w9ATzyk5W7Hvzpa/SLYdxNtng+gcurvrI7TbACjIXlsJyr05/S1oUhZrc63evQA==}
    dependencies:
      buffer-equal-constant-time: 1.0.1
      ecdsa-sig-formatter: 1.0.11
      safe-buffer: 5.2.1
    dev: false

  /jws/3.2.2:
    resolution: {integrity: sha512-YHlZCB6lMTllWDtSPHz/ZXTsi8S00usEV6v1tjq8tOUZzw7DpSDWVXjXDre6ed1w/pd495ODpHZYSdkRTsa0HA==}
    dependencies:
      jwa: 1.4.1
      safe-buffer: 5.2.1
    dev: false

  /lodash.includes/4.3.0:
    resolution: {integrity: sha512-W3Bx6mdkRTGtlJISOvVD/lbqjTlPPUDTMnlXZFnVwi9NKJ6tiAk6LVdlhZMm17VZisqhKcgzpO5Wz91PCt5b0w==}
    dev: false

  /lodash.isboolean/3.0.3:
    resolution: {integrity: sha512-Bz5mupy2SVbPHURB98VAcw+aHh4vRV5IPNhILUCsOzRmsTmSQ17jIuqopAentWoehktxGd9e/hbIXq980/1QJg==}
    dev: false

  /lodash.isinteger/4.0.4:
    resolution: {integrity: sha512-DBwtEWN2caHQ9/imiNeEA5ys1JoRtRfY3d7V9wkqtbycnAmTvRRmbHKDV4a0EYc678/dia0jrte4tjYwVBaZUA==}
    dev: false

  /lodash.isnumber/3.0.3:
    resolution: {integrity: sha512-QYqzpfwO3/CWf3XP+Z+tkQsfaLL/EnUlXWVkIk5FUPc4sBdTehEqZONuyRt2P67PXAk+NXmTBcc97zw9t1FQrw==}
    dev: false

  /lodash.isplainobject/4.0.6:
    resolution: {integrity: sha512-oSXzaWypCMHkPC3NvBEaPHf0KsA5mvPrOPgQWDsbg8n7orZ290M0BmC/jgRZ4vcJ6DTAhjrsSYgdsW/F+MFOBA==}
    dev: false

  /lodash.isstring/4.0.1:
    resolution: {integrity: sha512-0wJxfxH1wgO3GrbuP+dTTk7op+6L41QCXbGINEmD+ny/G/eCqGzxyCsh7159S+mgDDcoarnBw6PC1PS5+wUGgw==}
    dev: false

  /lodash.once/4.1.1:
    resolution: {integrity: sha512-Sb487aTOCr9drQVL8pIxOzVhafOjZN9UU54hiN8PU3uAiSV7lx1yYNpbNmex2PK6dSJoNTSJUUswT651yww3Mg==}
    dev: false

  /lru-cache/6.0.0:
    resolution: {integrity: sha512-Jo6dJ04CmSjuznwJSS3pUeWmd/H0ffTlkXXgwZi+eq1UCmqQwCh+eLsYOYCwY991i2Fah4h1BEMCx4qThGbsiA==}
    engines: {node: '>=10'}
    dependencies:
      yallist: 4.0.0
    dev: false

  /ms/2.1.3:
    resolution: {integrity: sha512-6FlzubTLZG3J2a/NVCAleEhjzq5oxgHyaCU9yYXvcLsvoVaHJq/s5xXI6/XXP6tz7R9xAOtHnSO/tXtF3WRTlA==}
    dev: false

  /node-domexception/1.0.0:
    resolution: {integrity: sha512-/jKZoMpw0F8GRwl4/eLROPA3cfcXtLApP0QzLmUT/HuPCZWyB7IY9ZrMeKw2O/nFIqPQB3PVM9aYm0F312AXDQ==}
    engines: {node: '>=10.5.0'}
    dev: false

  /node-fetch/2.6.7:
    resolution: {integrity: sha512-ZjMPFEfVx5j+y2yF35Kzx5sF7kDzxuDj6ziH4FFbOp87zKDZNx8yExJIb05OGF4Nlt9IHFIMBkRl41VdvcNdbQ==}
    engines: {node: 4.x || >=6.0.0}
    peerDependencies:
      encoding: ^0.1.0
    peerDependenciesMeta:
      encoding:
        optional: true
    dependencies:
      whatwg-url: 5.0.0
    dev: false

  /nodemailer/6.8.0:
    resolution: {integrity: sha512-EjYvSmHzekz6VNkNd12aUqAco+bOkRe3Of5jVhltqKhEsjw/y0PYPJfp83+s9Wzh1dspYAkUW/YNQ350NATbSQ==}
    engines: {node: '>=6.0.0'}
    dev: false

  /object-inspect/1.12.2:
    resolution: {integrity: sha512-z+cPxW0QGUp0mcqcsgQyLVRDoXFQbXOwBaqyF7VIgI4TWNQsDHrBpUQslRmIfAoYWdYzs6UlKJtB2XJpTaNSpQ==}
    dev: false

  /pvtsutils/1.3.2:
    resolution: {integrity: sha512-+Ipe2iNUyrZz+8K/2IOo+kKikdtfhRKzNpQbruF2URmqPtoqAs8g3xS7TJvFF2GcPXjh7DkqMnpVveRFq4PgEQ==}
    dependencies:
      tslib: 2.4.1
    dev: false

  /pvutils/1.1.3:
    resolution: {integrity: sha512-pMpnA0qRdFp32b1sJl1wOJNxZLQ2cbQx+k6tjNtZ8CpvVhNqEPRgivZ2WOUev2YMajecdH7ctUPDvEe87nariQ==}
    engines: {node: '>=6.0.0'}
    dev: false

  /qs/6.11.0:
    resolution: {integrity: sha512-MvjoMCJwEarSbUYk5O+nmoSzSutSsTwF85zcHPQ9OrlFoZOYIjaqBAJIqIXjptyD5vThxGq52Xu/MaJzRkIk4Q==}
    engines: {node: '>=0.6'}
    dependencies:
      side-channel: 1.0.4
    dev: false

  /safe-buffer/5.2.1:
    resolution: {integrity: sha512-rp3So07KcdmmKbGvgaNxQSJr7bGVSVk5S9Eq1F+ppbRo70+YeaDxkw5Dd8NPN+GD6bjnYm2VuPuCXmpuYvmCXQ==}
    dev: false

  /semver/5.7.1:
    resolution: {integrity: sha512-sauaDf/PZdVgrLTNYHRtpXa1iRiKcaebiKQ1BJdpQlWH2lCvexQdX55snPFyK7QzpudqbCI0qXFfOasHdyNDGQ==}
    hasBin: true
    dev: false

  /side-channel/1.0.4:
    resolution: {integrity: sha512-q5XPytqFEIKHkGdiMIrY10mvLRvnQh42/+GoBlFW3b2LXLE2xxJpZFdm94we0BaoV3RwJyGqg5wS7epxTv0Zvw==}
    dependencies:
      call-bind: 1.0.2
      get-intrinsic: 1.1.3
      object-inspect: 1.12.2
    dev: false

  /slugify/1.6.5:
    resolution: {integrity: sha512-8mo9bslnBO3tr5PEVFzMPIWwWnipGS0xVbYf65zxDqfNwmzYn1LpiKNrR6DlClusuvo+hDHd1zKpmfAe83NQSQ==}
    engines: {node: '>=8.0.0'}
    dev: false

  /streamsearch/1.1.0:
    resolution: {integrity: sha512-Mcc5wHehp9aXz1ax6bZUyY5afg9u2rv5cqQI3mRrYkGC8rW2hM02jWuwjtL++LS5qinSyhj2QfLyNsuc+VsExg==}
    engines: {node: '>=10.0.0'}
    dev: false

  /stripe/10.16.0:
    resolution: {integrity: sha512-nae4WV8W8xJ8KpjRx3aUD9FavoCQ98F1kaF5v0ltNHoNbtwIPTgrfmq92J0PXKDvb4TOd0tcXXkR5LG3UxjxGw==}
    engines: {node: ^8.1 || >=10.*}
    dependencies:
      '@types/node': 18.11.9
      qs: 6.11.0
    dev: false

  /tr46/0.0.3:
    resolution: {integrity: sha512-N3WMsuqV66lT30CrXNbEjx4GEwlow3v6rr4mCcv6prnfwhS01rkgyFdjPNBYd9br7LpXV1+Emh01fHnq2Gdgrw==}
    dev: false

  /tslib/2.4.0:
    resolution: {integrity: sha512-d6xOpEDfsi2CZVlPQzGeux8XMwLT9hssAsaPYExaQMuYskwb+x1x7J371tWlbBdWHroy99KnVB6qIkUbs5X3UQ==}
    dev: false

  /tslib/2.4.1:
    resolution: {integrity: sha512-tGyy4dAjRIEwI7BzsB0lynWgOpfqjUdq91XXAlIWD2OwKBH7oCl/GZG/HT4BOHrTlPMOASlMQ7veyTqpmRcrNA==}
    dev: false

  /undici/5.12.0:
    resolution: {integrity: sha512-zMLamCG62PGjd9HHMpo05bSLvvwWOZgGeiWlN/vlqu3+lRo3elxktVGEyLMX+IO7c2eflLjcW74AlkhEZm15mg==}
    engines: {node: '>=12.18'}
    dependencies:
      busboy: 1.6.0
    dev: false

  /value-or-promise/1.0.11:
    resolution: {integrity: sha512-41BrgH+dIbCFXClcSapVs5M6GkENd3gQOJpEfPDNa71LsUGMXDL0jMWpI/Rh7WhX+Aalfz2TTS3Zt5pUsbnhLg==}
    engines: {node: '>=12'}
    dev: false

  /web-streams-polyfill/3.2.1:
    resolution: {integrity: sha512-e0MO3wdXWKrLbL0DgGnUV7WHVuw9OUvL4hjgnPkIeEvESk74gAITi5G606JtZPp39cd8HA9VQzCIvA49LpPN5Q==}
    engines: {node: '>= 8'}
    dev: false

  /web-streams-polyfill/4.0.0-beta.3:
    resolution: {integrity: sha512-QW95TCTaHmsYfHDybGMwO5IJIM93I/6vTRk+daHTWFPhwh+C8Cg7j7XyKrwrj8Ib6vYXe0ocYNrmzY4xAAN6ug==}
    engines: {node: '>= 14'}
    dev: false

  /webcrypto-core/1.7.5:
    resolution: {integrity: sha512-gaExY2/3EHQlRNNNVSrbG2Cg94Rutl7fAaKILS1w8ZDhGxdFOaw6EbCfHIxPy9vt/xwp5o0VQAx9aySPF6hU1A==}
    dependencies:
      '@peculiar/asn1-schema': 2.3.0
      '@peculiar/json-schema': 1.1.12
      asn1js: 3.0.5
      pvtsutils: 1.3.2
      tslib: 2.4.1
    dev: false

  /webidl-conversions/3.0.1:
    resolution: {integrity: sha512-2JAn3z8AR6rjK8Sm8orRC0h/bcl/DqL7tRPdGZ4I1CjdF+EaMLmYxBHyXuKL849eucPFhvBoxMsflfOb8kxaeQ==}
    dev: false

  /whatwg-url/5.0.0:
    resolution: {integrity: sha512-saE57nupxk6v3HY35+jzBwYa0rKSy0XR8JSxZPwgLr7ys0IBzhGviA1/TUGJLmSVqs8pb9AnvICXEuOHLprYTw==}
    dependencies:
      tr46: 0.0.3
      webidl-conversions: 3.0.1
    dev: false

  /yallist/4.0.0:
    resolution: {integrity: sha512-3wdGidZyq5PB084XLES5TpOSRA3wjXAlIWMhum2kRcv/41Sn2emQ0dycQW4uZXLejwKvg6EsvbdlVL+FYEct7A==}
    dev: false
