{
  "lockfileVersion": 1,
  "workspaces": {
    "": {
      "name": "integration",
      "dependencies": {
        "@apollo/client": "^4.0.11",
        "graphql": "^16.12.0",
        "graphql-ws": "^6.0.6",
        "ws": "^8.18.3",
      },
      "devDependencies": {
        "@types/bun": "latest",
        "@types/ws": "^8.18.1",
      },
      "peerDependencies": {
        "typescript": "^5",
      },
    },
  },
  "packages": {
    "@apollo/client": ["@apollo/client@4.0.11", "", { "dependencies": { "@graphql-typed-document-node/core": "^3.1.1", "@wry/caches": "^1.0.0", "@wry/equality": "^0.5.6", "@wry/trie": "^0.5.0", "graphql-tag": "^2.12.6", "optimism": "^0.18.0", "tslib": "^2.3.0" }, "peerDependencies": { "graphql": "^16.0.0", "graphql-ws": "^5.5.5 || ^6.0.3", "react": "^17.0.0 || ^18.0.0 || >=19.0.0-rc", "react-dom": "^17.0.0 || ^18.0.0 || >=19.0.0-rc", "rxjs": "^7.3.0", "subscriptions-transport-ws": "^0.9.0 || ^0.11.0" }, "optionalPeers": ["graphql-ws", "react", "react-dom", "subscriptions-transport-ws"] }, "sha512-jyW5j3DEYnFlYA1Lk9Szd7O/od1DptnbZnj03DQXxuQb+Gnop0w/uQxVRKaU7bPhvVuBnlAtZYPOykArX+xWdg=="],

    "@graphql-typed-document-node/core": ["@graphql-typed-document-node/core@3.2.0", "", { "peerDependencies": { "graphql": "^0.8.0 || ^0.9.0 || ^0.10.0 || ^0.11.0 || ^0.12.0 || ^0.13.0 || ^14.0.0 || ^15.0.0 || ^16.0.0 || ^17.0.0" } }, "sha512-mB9oAsNCm9aM3/SOv4YtBMqZbYj10R7dkq8byBqxGY/ncFwhf2oQzMV+LCRlWoDSEBJ3COiR1yeDvMtsoOsuFQ=="],

    "@types/bun": ["@types/bun@1.3.5", "", { "dependencies": { "bun-types": "1.3.5" } }, "sha512-RnygCqNrd3srIPEWBd5LFeUYG7plCoH2Yw9WaZGyNmdTEei+gWaHqydbaIRkIkcbXwhBT94q78QljxN0Sk838w=="],

    "@types/node": ["@types/node@25.0.3", "", { "dependencies": { "undici-types": "~7.16.0" } }, "sha512-W609buLVRVmeW693xKfzHeIV6nJGGz98uCPfeXI1ELMLXVeKYZ9m15fAMSaUPBHYLGFsVRcMmSCksQOrZV9BYA=="],

    "@types/ws": ["@types/ws@8.18.1", "", { "dependencies": { "@types/node": "*" } }, "sha512-ThVF6DCVhA8kUGy+aazFQ4kXQ7E1Ty7A3ypFOe0IcJV8O/M511G99AW24irKrW56Wt44yG9+ij8FaqoBGkuBXg=="],

    "@wry/caches": ["@wry/caches@1.0.1", "", { "dependencies": { "tslib": "^2.3.0" } }, "sha512-bXuaUNLVVkD20wcGBWRyo7j9N3TxePEWFZj2Y+r9OoUzfqmavM84+mFykRicNsBqatba5JLay1t48wxaXaWnlA=="],

    "@wry/context": ["@wry/context@0.7.4", "", { "dependencies": { "tslib": "^2.3.0" } }, "sha512-jmT7Sb4ZQWI5iyu3lobQxICu2nC/vbUhP0vIdd6tHC9PTfenmRmuIFqktc6GH9cgi+ZHnsLWPvfSvc4DrYmKiQ=="],

    "@wry/equality": ["@wry/equality@0.5.7", "", { "dependencies": { "tslib": "^2.3.0" } }, "sha512-BRFORjsTuQv5gxcXsuDXx6oGRhuVsEGwZy6LOzRRfgu+eSfxbhUQ9L9YtSEIuIjY/o7g3iWFjrc5eSY1GXP2Dw=="],

    "@wry/trie": ["@wry/trie@0.5.0", "", { "dependencies": { "tslib": "^2.3.0" } }, "sha512-FNoYzHawTMk/6KMQoEG5O4PuioX19UbwdQKF44yw0nLfOypfQdjtfZzo/UIJWAJ23sNIFbD1Ug9lbaDGMwbqQA=="],

    "bun-types": ["bun-types@1.3.5", "", { "dependencies": { "@types/node": "*" } }, "sha512-inmAYe2PFLs0SUbFOWSVD24sg1jFlMPxOjOSSCYqUgn4Hsc3rDc7dFvfVYjFPNHtov6kgUeulV4SxbuIV/stPw=="],

    "graphql": ["graphql@16.12.0", "", {}, "sha512-DKKrynuQRne0PNpEbzuEdHlYOMksHSUI8Zc9Unei5gTsMNA2/vMpoMz/yKba50pejK56qj98qM0SjYxAKi13gQ=="],

    "graphql-tag": ["graphql-tag@2.12.6", "", { "dependencies": { "tslib": "^2.1.0" }, "peerDependencies": { "graphql": "^0.9.0 || ^0.10.0 || ^0.11.0 || ^0.12.0 || ^0.13.0 || ^14.0.0 || ^15.0.0 || ^16.0.0" } }, "sha512-FdSNcu2QQcWnM2VNvSCCDCVS5PpPqpzgFT8+GXzqJuoDd0CBncxCY278u4mhRO7tMgo2JjgJA5aZ+nWSQ/Z+xg=="],

    "graphql-ws": ["graphql-ws@6.0.6", "", { "peerDependencies": { "@fastify/websocket": "^10 || ^11", "crossws": "~0.3", "graphql": "^15.10.1 || ^16", "uWebSockets.js": "^20", "ws": "^8" }, "optionalPeers": ["@fastify/websocket", "crossws", "uWebSockets.js", "ws"] }, "sha512-zgfER9s+ftkGKUZgc0xbx8T7/HMO4AV5/YuYiFc+AtgcO5T0v8AxYYNQ+ltzuzDZgNkYJaFspm5MMYLjQzrkmw=="],

    "optimism": ["optimism@0.18.1", "", { "dependencies": { "@wry/caches": "^1.0.0", "@wry/context": "^0.7.0", "@wry/trie": "^0.5.0", "tslib": "^2.3.0" } }, "sha512-mLXNwWPa9dgFyDqkNi54sjDyNJ9/fTI6WGBLgnXku1vdKY/jovHfZT5r+aiVeFFLOz+foPNOm5YJ4mqgld2GBQ=="],

    "rxjs": ["rxjs@7.8.2", "", { "dependencies": { "tslib": "^2.1.0" } }, "sha512-dhKf903U/PQZY6boNNtAGdWbG85WAbjT/1xYoZIC7FAY0yWapOBQVsVrDl58W86//e1VpMNBtRV4MaXfdMySFA=="],

    "tslib": ["tslib@2.8.1", "", {}, "sha512-oJFu94HQb+KVduSUQL7wnpmqnfmLsOA/nAh6b6EH0wCEoK0/mPeXU6c3wKDV83MkOuHPRHtSXKKU99IBazS/2w=="],

    "typescript": ["typescript@5.9.3", "", { "bin": { "tsc": "bin/tsc", "tsserver": "bin/tsserver" } }, "sha512-jl1vZzPDinLr9eUt3J/t7V6FgNEw9QjvBPdysz9KfQDD41fQrC2Y4vKQdiaUpFT4bXlb1RHhLpp8wtm6M5TgSw=="],

    "undici-types": ["undici-types@7.16.0", "", {}, "sha512-Zz+aZWSj8LE6zoxD+xrjh4VfkIG8Ya6LvYkZqtUQGJPZjYl53ypCaUwWqo7eI0x66KBGeRo+mlBEkMSeSZ38Nw=="],

    "ws": ["ws@8.18.3", "", { "peerDependencies": { "bufferutil": "^4.0.1", "utf-8-validate": ">=5.0.2" }, "optionalPeers": ["bufferutil", "utf-8-validate"] }, "sha512-PEIGCY5tSlUt50cqyMXfCzX+oOPqN0vuGqWzbcJ2xvnkzkq46oOpz7dQaTDBdfICb4N14+GARUDw2XV2N4tvzg=="],
  }
}
